lockfileVersion: '9.0'

settings:
  autoInstallPeers: true
  excludeLinksFromLockfile: false

importers:

  .:
    devDependencies:
      '@types/node':
        specifier: 24.13.3
        version: 24.13.3
      pyright:
        specifier: 1.1.411
        version: 1.1.411
      typescript:
        specifier: 5.9.3
        version: 5.9.3
      typescript-language-server:
        specifier: 5.3.0
        version: 5.3.0

  packages/bench:
    dependencies:
      '@harmony/codec':
        specifier: workspace:*
        version: link:../codec
      '@harmony/corpus':
        specifier: workspace:*
        version: link:../corpus
      '@harmony/lab':
        specifier: workspace:*
        version: link:../lab
      '@harmony/usb':
        specifier: workspace:*
        version: link:../usb
    devDependencies:
      playwright:
        specifier: 1.62.1
        version: 1.62.1

  packages/codec:
    devDependencies:
      '@harmony/lab':
        specifier: workspace:*
        version: link:../lab

  packages/corpus:
    dependencies:
      '@harmony/codec':
        specifier: workspace:*
        version: link:../codec
      '@harmony/lab':
        specifier: workspace:*
        version: link:../lab
      '@harmony/usb':
        specifier: workspace:*
        version: link:../usb

  packages/lab: {}

  packages/probe:
    dependencies:
      '@harmony/codec':
        specifier: workspace:*
        version: link:../codec
      '@harmony/lab':
        specifier: workspace:*
        version: link:../lab
      '@harmony/usb':
        specifier: workspace:*
        version: link:../usb

  packages/silhouettes: {}

  packages/usb:
    dependencies:
      node-hid:
        specifier: 3.4.0
        version: 3.4.0
    devDependencies:
      '@harmony/lab':
        specifier: workspace:*
        version: link:../lab

packages:

  '@types/node@24.13.3':
    resolution: {integrity: sha512-Dh8vAsV36ig5wa9OX4pXvMc9D3Veibfw2wix0CUwYODLD8nkj9UsLjASr49nPg+2eKzxhBV+v7L8pXvT4e639Q==}

  fsevents@2.3.2:
    resolution: {integrity: sha512-xiqMQR4xAeHTuB9uWm+fFRcIOgKBMiOBP+eXiyT7jsgVCq1bkVygt00oASowB7EdtpOHaaPgKt812P9ab+DDKA==}
    engines: {node: ^8.16.0 || ^10.6.0 || >=11.0.0}
    os: [darwin]

  fsevents@2.3.3:
    resolution: {integrity: sha512-5xoDfX+fL7faATnagmWPpbFtwh/R77WmMMqqHGS65C3vvB0YHrgF+B1YmZ3441tMj5n63k0212XNoJwzlhffQw==}
    engines: {node: ^8.16.0 || ^10.6.0 || >=11.0.0}
    os: [darwin]

  node-addon-api@8.9.1:
    resolution: {integrity: sha512-4eUQWVPCUUUiBjLnHS3cXWeC6ryoPUc0U3rP7IuzapoGbzMqd/r6KKO0clr0b+snQhsrueFEhCZDdK+LK7hxKg==}
    engines: {node: ^18 || ^20 || >= 21}

  node-hid@3.4.0:
    resolution: {integrity: sha512-Br7EO3bJARAJBdtcsGzF/Vs5TjfbkaMdglqLQ+Rk9GOGgVqv5DxYUVH5znLerJU+OfBWw8sd552Ujcprz1bG9g==}
    engines: {node: '>=10.16'}
    hasBin: true

  pkg-prebuilds@1.1.0:
    resolution: {integrity: sha512-jyai+KTQ2OwbN6iRYw88XbYOMgtpoSYJpjYebx7d9ihqz3txNi3ucsBt3va0iVWe6svSlaqpijMHFF/eJCMZzg==}
    engines: {node: '>= 14.15.0'}
    hasBin: true

  playwright-core@1.62.1:
    resolution: {integrity: sha512-wPYSwEBJY9GHraISXqyqtx0na0LpO3XEX7jNDhntbex7tzUS7kLnZsOlFruFJB4Hi/rhDMjXGqHewDZ68nYZVw==}
    engines: {node: '>=20'}
    hasBin: true

  playwright@1.62.1:
    resolution: {integrity: sha512-0M+L3LAD8/nm554LOla9Ayx0j0tmFZ0FBcoQ7F1VuVHpM/XpiC8RcDzBQB8W5+hA8L22THxELzeF+2WcUzvcLg==}
    engines: {node: '>=20'}
    hasBin: true

  pyright@1.1.411:
    resolution: {integrity: sha512-03S/vmS5lF1S/tVbKc2WNXCMq8JWCwta/qIYjj1jvqbQhoy+N3NgBzHTSmUlbYD6DJwqQ5XHf108QujoqeURvw==}
    engines: {node: '>=14.0.0'}
    hasBin: true

  typescript-language-server@5.3.0:
    resolution: {integrity: sha512-5puofxZHgFdAYtfNpmwCAvgtaYgg8wrUnH30m7Ze3QuguId5RNRadKASpOpyDxTyUdAF51FjhTdjntLw/EuWcQ==}
    engines: {node: '>=20'}
    hasBin: true

  typescript@5.9.3:
    resolution: {integrity: sha512-jl1vZzPDinLr9eUt3J/t7V6FgNEw9QjvBPdysz9KfQDD41fQrC2Y4vKQdiaUpFT4bXlb1RHhLpp8wtm6M5TgSw==}
    engines: {node: '>=14.17'}
    hasBin: true

  undici-types@7.18.2:
    resolution: {integrity: sha512-AsuCzffGHJybSaRrmr5eHr81mwJU3kjw6M+uprWvCXiNeN9SOGwQ3Jn8jb8m3Z6izVgknn1R0FTCEAP2QrLY/w==}

  vscode-jsonrpc@5.0.1:
    resolution: {integrity: sha512-JvONPptw3GAQGXlVV2utDcHx0BiY34FupW/kI6mZ5x06ER5DdPG/tXWMVHjTNULF5uKPOUUD0SaXg5QaubJL0A==}
    engines: {node: '>=8.0.0 || >=10.0.0'}

  vscode-jsonrpc@9.0.1:
    resolution: {integrity: sha512-rfuA6T75H6m5EkbhtEPzre9pT0HPcDI2MMy4+nPFIBks5J8JBAUHD4tRYSgaBOijIEC7SRkC1kKyXTLqbmh9jw==}
    engines: {node: '>=14.0.0'}

  vscode-languageserver-protocol@3.18.2:
    resolution: {integrity: sha512-XRyDbT0Pp3sSNti3JmxVEUMySWCSi1hhM+/KUlCy1hV1zmrqpM1OwO12EAki8blhmLuIMpaJrYbo0OzGVfK2Qg==}

  vscode-languageserver-types@3.18.0:
    resolution: {integrity: sha512-8TsGPNMIMiiBdkORgRSvLjuiEIiAFtO+KssmYWxQ+uSVvlf7RjK8YKCOjPzZ+YA04jXEV7+7LvkSmHkhpNS99g==}

snapshots:

  '@types/node@24.13.3':
    dependencies:
      undici-types: 7.18.2

  fsevents@2.3.2:
    optional: true

  fsevents@2.3.3:
    optional: true

  node-addon-api@8.9.1: {}

  node-hid@3.4.0:
    dependencies:
      node-addon-api: 8.9.1
      pkg-prebuilds: 1.1.0

  pkg-prebuilds@1.1.0: {}

  playwright-core@1.62.1: {}

  playwright@1.62.1:
    dependencies:
      playwright-core: 1.62.1
    optionalDependencies:
      fsevents: 2.3.2

  pyright@1.1.411:
    optionalDependencies:
      fsevents: 2.3.3

  typescript-language-server@5.3.0:
    dependencies:
      vscode-jsonrpc: 5.0.1
      vscode-languageserver-protocol: 3.18.2

  typescript@5.9.3: {}

  undici-types@7.18.2: {}

  vscode-jsonrpc@5.0.1: {}

  vscode-jsonrpc@9.0.1: {}

  vscode-languageserver-protocol@3.18.2:
    dependencies:
      vscode-jsonrpc: 9.0.1
      vscode-languageserver-types: 3.18.0

  vscode-languageserver-types@3.18.0: {}
